
Microsoft Visual Studio Solution File, Format Version 12.00
# Visual Studio Version 17
VisualStudioVersion = 17.5.33627.172
MinimumVisualStudioVersion = 10.0.40219.1
Project("{FAE04EC0-301F-11D3-BF4B-00C04F79EFBC}") = "CurrencyConvertor", "CurrencyConvertor\CurrencyConvertor.csproj", "{97C8EA3A-E5E5-4E43-9B16-D56FA8BFEF91}"
EndProject
Project("{FAE04EC0-301F-11D3-BF4B-00C04F79EFBC}") = "CurrencyConvertorTest", "CurrencyConvertorTest\CurrencyConvertorTest.csproj", "{43EA23C2-4E49-4B42-864D-162CA6EE1A4C}"
EndProject
Global
	GlobalSection(SolutionConfigurationPlatforms) = preSolution
		Debug|Any CPU = Debug|Any CPU
		Release|Any CPU = Release|Any CPU
	EndGlobalSection
	GlobalSection(ProjectConfigurationPlatforms) = postSolution
		{97C8EA3A-E5E5-4E43-9B16-D56FA8BFEF91}.Debug|Any CPU.ActiveCfg = Debug|Any CPU
		{97C8EA3A-E5E5-4E43-9B16-D56FA8BFEF91}.Debug|Any CPU.Build.0 = Debug|Any CPU
		{97C8EA3A-E5E5-4E43-9B16-D56FA8BFEF91}.Release|Any CPU.ActiveCfg = Release|Any CPU
		{97C8EA3A-E5E5-4E43-9B16-D56FA8BFEF91}.Release|Any CPU.Build.0 = Release|Any CPU
		{43EA23C2-4E49-4B42-864D-162CA6EE1A4C}.Debug|Any CPU.ActiveCfg = Debug|Any CPU
		{43EA23C2-4E49-4B42-864D-162CA6EE1A4C}.Debug|Any CPU.Build.0 = Debug|Any CPU
		{43EA23C2-4E49-4B42-864D-162CA6EE1A4C}.Release|Any CPU.ActiveCfg = Release|Any CPU
		{43EA23C2-4E49-4B42-864D-162CA6EE1A4C}.Release|Any CPU.Build.0 = Release|Any CPU
	EndGlobalSection
	GlobalSection(SolutionProperties) = preSolution
		HideSolutionNode = FALSE
	EndGlobalSection
	GlobalSection(ExtensibilityGlobals) = postSolution
		SolutionGuid = {1FAB8BEA-9F57-4D72-B7F0-95AB35DEF8BB}
	EndGlobalSection
EndGlobal
